{
  "name": "morphism",
  "version": "1.0.0",
  "lockfileVersion": 1,
  "requires": true,
  "dependencies": {
    "@babel/code-frame": {
      "version": "7.0.0",
      "resolved": "https://registry.npmjs.org/@babel/code-frame/-/code-frame-7.0.0.tgz",
      "integrity": "sha512-OfC2uemaknXr87bdLUkWog7nYuliM9Ij5HUcajsVcMCpQrcLmtxRbVFTIqmcSkSeYRBFBRxs2FiUqFJDLdiebA==",
      "dev": true,
      "requires": {
        "@babel/highlight": "^7.0.0"
      }
    },
    "@babel/core": {
      "version": "7.6.4",
      "resolved": "https://registry.npmjs.org/@babel/core/-/core-7.6.4.tgz",
      "integrity": "sha512-Rm0HGw101GY8FTzpWSyRbki/jzq+/PkNQJ+nSulrdY6gFGOsNseCqD6KHRYe2E+EdzuBdr2pxCp6s4Uk6eJ+XQ==",
      "dev": true,
      "requires": {
        "@babel/code-frame": "^7.5.5",
        "@babel/generator": "^7.6.4",
        "@babel/helpers": "^7.6.2",
        "@babel/parser": "^7.6.4",
        "@babel/template": "^7.6.0",
        "@babel/traverse": "^7.6.3",
        "@babel/types": "^7.6.3",
        "convert-source-map": "^1.1.0",
        "debug": "^4.1.0",
        "json5": "^2.1.0",
        "lodash": "^4.17.13",
        "resolve": "^1.3.2",
        "semver": "^5.4.1",
        "source-map": "^0.5.0"
      },
      "dependencies": {
        "@babel/code-frame": {
          "version": "7.5.5",
          "resolved": "https://registry.npmjs.org/@babel/code-frame/-/code-frame-7.5.5.tgz",
          "integrity": "sha512-27d4lZoomVyo51VegxI20xZPuSHusqbQag/ztrBC7wegWoQ1nLREPVSKSW8byhTlzTKyNE4ifaTA6lCp7JjpFw==",
          "dev": true,
          "requires": {
            "@babel/highlight": "^7.0.0"
          }
        },
        "@babel/generator": {
          "version": "7.6.4",
          "resolved": "https://registry.npmjs.org/@babel/generator/-/generator-7.6.4.tgz",
          "integrity": "sha512-jsBuXkFoZxk0yWLyGI9llT9oiQ2FeTASmRFE32U+aaDTfoE92t78eroO7PTpU/OrYq38hlcDM6vbfLDaOLy+7w==",
          "dev": true,
          "requires": {
            "@babel/types": "^7.6.3",
            "jsesc": "^2.5.1",
            "lodash": "^4.17.13",
            "source-map": "^0.5.0"
          }
        },
        "@babel/helper-split-export-declaration": {
          "version": "7.4.4",
          "resolved": "https://registry.npmjs.org/@babel/helper-split-export-declaration/-/helper-split-export-declaration-7.4.4.tgz",
          "integrity": "sha512-Ro/XkzLf3JFITkW6b+hNxzZ1n5OQ80NvIUdmHspih1XAhtN3vPTuUFT4eQnela+2MaZ5ulH+iyP513KJrxbN7Q==",
          "dev": true,
          "requires": {
            "@babel/types": "^7.4.4"
          }
        },
        "@babel/parser": {
          "version": "7.6.4",
          "resolved": "https://registry.npmjs.org/@babel/parser/-/parser-7.6.4.tgz",
          "integrity": "sha512-D8RHPW5qd0Vbyo3qb+YjO5nvUVRTXFLQ/FsDxJU2Nqz4uB5EnUN0ZQSEYpvTIbRuttig1XbHWU5oMeQwQSAA+A==",
          "dev": true
        },
        "@babel/template": {
          "version": "7.6.0",
          "resolved": "https://registry.npmjs.org/@babel/template/-/template-7.6.0.tgz",
          "integrity": "sha512-5AEH2EXD8euCk446b7edmgFdub/qfH1SN6Nii3+fyXP807QRx9Q73A2N5hNwRRslC2H9sNzaFhsPubkS4L8oNQ==",
          "dev": true,
          "requires": {
            "@babel/code-frame": "^7.0.0",
            "@babel/parser": "^7.6.0",
            "@babel/types": "^7.6.0"
          }
        },
        "@babel/traverse": {
          "version": "7.6.3",
          "resolved": "https://registry.npmjs.org/@babel/traverse/-/traverse-7.6.3.tgz",
          "integrity": "sha512-unn7P4LGsijIxaAJo/wpoU11zN+2IaClkQAxcJWBNCMS6cmVh802IyLHNkAjQ0iYnRS3nnxk5O3fuXW28IMxTw==",
          "dev": true,
          "requires": {
            "@babel/code-frame": "^7.5.5",
            "@babel/generator": "^7.6.3",
            "@babel/helper-function-name": "^7.1.0",
            "@babel/helper-split-export-declaration": "^7.4.4",
            "@babel/parser": "^7.6.3",
            "@babel/types": "^7.6.3",
            "debug": "^4.1.0",
            "globals": "^11.1.0",
            "lodash": "^4.17.13"
          }
        },
        "@babel/types": {
          "version": "7.6.3",
          "resolved": "https://registry.npmjs.org/@babel/types/-/types-7.6.3.tgz",
          "integrity": "sha512-CqbcpTxMcpuQTMhjI37ZHVgjBkysg5icREQIEZ0eG1yCNwg3oy+5AaLiOKmjsCj6nqOsa6Hf0ObjRVwokb7srA==",
          "dev": true,
          "requires": {
            "esutils": "^2.0.2",
            "lodash": "^4.17.13",
            "to-fast-properties": "^2.0.0"
          }
        },
        "debug": {
          "version": "4.1.1",
          "resolved": "https://registry.npmjs.org/debug/-/debug-4.1.1.tgz",
          "integrity": "sha512-pYAIzeRo8J6KPEaJ0VWOh5Pzkbw/RetuzehGM7QRRX5he4fPHx2rdKMB256ehJCkX+XRQm16eZLqLNS8RSZXZw==",
          "dev": true,
          "requires": {
            "ms": "^2.1.1"
          }
        },
        "json5": {
          "version": "2.1.1",
          "resolved": "https://registry.npmjs.org/json5/-/json5-2.1.1.tgz",
          "integrity": "sha512-l+3HXD0GEI3huGq1njuqtzYK8OYJyXMkOLtQ53pjWh89tvWS2h6l+1zMkYWqlb57+SiQodKZyvMEFb2X+KrFhQ==",
          "dev": true,
          "requires": {
            "minimist": "^1.2.0"
          }
        },
        "minimist": {
          "version": "1.2.0",
          "resolved": "https://registry.npmjs.org/minimist/-/minimist-1.2.0.tgz",
          "integrity": "sha1-o1AIsg9BOD7sH7kU9M1d95omQoQ=",
          "dev": true
        },
        "ms": {
          "version": "2.1.2",
          "resolved": "https://registry.npmjs.org/ms/-/ms-2.1.2.tgz",
          "integrity": "sha512-sGkPx+VjMtmA6MX27oA4FBFELFCZZ4S4XqeGOXCv68tT+jb3vk/RyaKWP0PTKyWtmLSM0b+adUTEvbs1PEaH2w==",
          "dev": true
        }
      }
    },
    "@babel/generator": {
      "version": "7.4.0",
      "resolved": "https://registry.npmjs.org/@babel/generator/-/generator-7.4.0.tgz",
      "integrity": "sha512-/v5I+a1jhGSKLgZDcmAUZ4K/VePi43eRkUs3yePW1HB1iANOD5tqJXwGSG4BZhSksP8J9ejSlwGeTiiOFZOrXQ==",
      "dev": true,
      "requires": {
        "@babel/types": "^7.4.0",
        "jsesc": "^2.5.1",
        "lodash": "^4.17.11",
        "source-map": "^0.5.0",
        "trim-right": "^1.0.1"
      }
    },
    "@babel/helper-annotate-as-pure": {
      "version": "7.0.0",
      "resolved": "https://registry.npmjs.org/@babel/helper-annotate-as-pure/-/helper-annotate-as-pure-7.0.0.tgz",
      "integrity": "sha512-3UYcJUj9kvSLbLbUIfQTqzcy5VX7GRZ/CCDrnOaZorFFM01aXp1+GJwuFGV4NDDoAS+mOUyHcO6UD/RfqOks3Q==",
      "dev": true,
      "requires": {
        "@babel/types": "^7.0.0"
      }
    },
    "@babel/helper-builder-binary-assignment-operator-visitor": {
      "version": "7.1.0",
      "resolved": "https://registry.npmjs.org/@babel/helper-builder-binary-assignment-operator-visitor/-/helper-builder-binary-assignment-operator-visitor-7.1.0.tgz",
      "integrity": "sha512-qNSR4jrmJ8M1VMM9tibvyRAHXQs2PmaksQF7c1CGJNipfe3D8p+wgNwgso/P2A2r2mdgBWAXljNWR0QRZAMW8w==",
      "dev": true,
      "requires": {
        "@babel/helper-explode-assignable-expression": "^7.1.0",
        "@babel/types": "^7.0.0"
      }
    },
    "@babel/helper-call-delegate": {
      "version": "7.4.4",
      "resolved": "https://registry.npmjs.org/@babel/helper-call-delegate/-/helper-call-delegate-7.4.4.tgz",
      "integrity": "sha512-l79boDFJ8S1c5hvQvG+rc+wHw6IuH7YldmRKsYtpbawsxURu/paVy57FZMomGK22/JckepaikOkY0MoAmdyOlQ==",
      "dev": true,
      "requires": {
        "@babel/helper-hoist-variables": "^7.4.4",
        "@babel/traverse": "^7.4.4",
        "@babel/types": "^7.4.4"
      },
      "dependencies": {
        "@babel/code-frame": {
          "version": "7.5.5",
          "resolved": "https://registry.npmjs.org/@babel/code-frame/-/code-frame-7.5.5.tgz",
          "integrity": "sha512-27d4lZoomVyo51VegxI20xZPuSHusqbQag/ztrBC7wegWoQ1nLREPVSKSW8byhTlzTKyNE4ifaTA6lCp7JjpFw==",
          "dev": true,
          "requires": {
            "@babel/highlight": "^7.0.0"
          }
        },
        "@babel/generator": {
          "version": "7.6.3",
          "resolved": "https://registry.npmjs.org/@babel/generator/-/generator-7.6.3.tgz",
          "integrity": "sha512-hLhYbAb3pHwxjlijC4AQ7mqZdcoujiNaW7izCT04CIowHK8psN0IN8QjDv0iyFtycF5FowUOTwDloIheI25